// !$*UTF8*$!
{
	archiveVersion = 1;
	classes = {
	};
	objectVersion = 46;
	objects = {

/* Begin PBXBuildFile section */
		03C5CF251A679840002136E3 /* main.m in Sources */ = {isa = PBXBuildFile; fileRef = 03C5CF241A679840002136E3 /* main.m */; };
		03C5CF281A679840002136E3 /* AppDelegate.m in Sources */ = {isa = PBXBuildFile; fileRef = 03C5CF271A679840002136E3 /* AppDelegate.m */; };
		03C5CF2E1A679840002136E3 /* Main.storyboard in Resources */ = {isa = PBXBuildFile; fileRef = 03C5CF2C1A679840002136E3 /* Main.storyboard */; };
		03C5CF301A679840002136E3 /* Images.xcassets in Resources */ = {isa = PBXBuildFile; fileRef = 03C5CF2F1A679840002136E3 /* Images.xcassets */; };
		03C5CF331A679840002136E3 /* LaunchScreen.xib in Resources */ = {isa = PBXBuildFile; fileRef = 03C5CF311A679840002136E3 /* LaunchScreen.xib */; };
		03C5CF3F1A679840002136E3 /* DriverExamTests.m in Sources */ = {isa = PBXBuildFile; fileRef = 03C5CF3E1A679840002136E3 /* DriverExamTests.m */; };
		03C5CF4F1A67C883002136E3 /* QuestionBase.m in Sources */ = {isa = PBXBuildFile; fileRef = 03C5CF4E1A67C883002136E3 /* QuestionBase.m */; };
		03DC59AD1A68C13100B30852 /* AnswerViewController.m in Sources */ = {isa = PBXBuildFile; fileRef = 03DC59A71A68C13100B30852 /* AnswerViewController.m */; };
		03DC59AE1A68C13100B30852 /* ExercisesViewController.m in Sources */ = {isa = PBXBuildFile; fileRef = 03DC59A91A68C13100B30852 /* ExercisesViewController.m */; };
		03DC59AF1A68C13100B30852 /* ViewController.m in Sources */ = {isa = PBXBuildFile; fileRef = 03DC59AB1A68C13100B30852 /* ViewController.m */; };
		03DC59B21A68C15A00B30852 /* QuestionStore.m in Sources */ = {isa = PBXBuildFile; fileRef = 03DC59B11A68C15A00B30852 /* QuestionStore.m */; };
		224877991A6FB60A004C5B31 /* libsqlite3.0.dylib in Frameworks */ = {isa = PBXBuildFile; fileRef = 224877981A6FB60A004C5B31 /* libsqlite3.0.dylib */; };
		225884911A724B3200B70FAA /* ReinforceMainViewController.m in Sources */ = {isa = PBXBuildFile; fileRef = 225884901A724B3200B70FAA /* ReinforceMainViewController.m */; };
		225884941A72669800B70FAA /* ReinforceQuestion.m in Sources */ = {isa = PBXBuildFile; fileRef = 225884931A72669800B70FAA /* ReinforceQuestion.m */; };
		228D0AF31A6F4CB200FDD577 /* FMDatabase.m in Sources */ = {isa = PBXBuildFile; fileRef = 228D0AE91A6F4CB200FDD577 /* FMDatabase.m */; };
		228D0AF41A6F4CB200FDD577 /* FMDatabaseAdditions.m in Sources */ = {isa = PBXBuildFile; fileRef = 228D0AEB1A6F4CB200FDD577 /* FMDatabaseAdditions.m */; };
		228D0AF51A6F4CB200FDD577 /* FMDatabasePool.m in Sources */ = {isa = PBXBuildFile; fileRef = 228D0AED1A6F4CB200FDD577 /* FMDatabasePool.m */; };
		228D0AF61A6F4CB200FDD577 /* FMDatabaseQueue.m in Sources */ = {isa = PBXBuildFile; fileRef = 228D0AEF1A6F4CB200FDD577 /* FMDatabaseQueue.m */; };
		228D0AF71A6F4CB200FDD577 /* FMResultSet.m in Sources */ = {isa = PBXBuildFile; fileRef = 228D0AF21A6F4CB200FDD577 /* FMResultSet.m */; };
		228D0AFA1A6F4E9200FDD577 /* km1.db in Resources */ = {isa = PBXBuildFile; fileRef = 228D0AF91A6F4E9200FDD577 /* km1.db */; };
		22A631CD1A7647EA0086F526 /* ReinforceViewController.m in Sources */ = {isa = PBXBuildFile; fileRef = 22A631CC1A7647EA0086F526 /* ReinforceViewController.m */; };
		22A631D01A764EE00086F526 /* ReinforceQuestionStore.m in Sources */ = {isa = PBXBuildFile; fileRef = 22A631CF1A764EE00086F526 /* ReinforceQuestionStore.m */; };
/* End PBXBuildFile section */

/* Begin PBXContainerItemProxy section */
		03C5CF391A679840002136E3 /* PBXContainerItemProxy */ = {
			isa = PBXContainerItemProxy;
			containerPortal = 03C5CF171A679840002136E3 /* Project object */;
			proxyType = 1;
			remoteGlobalIDString = 03C5CF1E1A679840002136E3;
			remoteInfo = DriverExam;
		};
/* End PBXContainerItemProxy section */

/* Begin PBXFileReference section */
		03C5CF1F1A679840002136E3 /* DriverExam.app */ = {isa = PBXFileReference; explicitFileType = wrapper.application; includeInIndex = 0; path = DriverExam.app; sourceTree = BUILT_PRODUCTS_DIR; };
		03C5CF231A679840002136E3 /* Info.plist */ = {isa = PBXFileReference; lastKnownFileType = text.plist.xml; path = Info.plist; sourceTree = "<group>"; };
		03C5CF241A679840002136E3 /* main.m */ = {isa = PBXFileReference; lastKnownFileType = sourcecode.c.objc; path = main.m; sourceTree = "<group>"; };
		03C5CF261A679840002136E3 /* AppDelegate.h */ = {isa = PBXFileReference; lastKnownFileType = sourcecode.c.h; path = AppDelegate.h; sourceTree = "<group>"; };
		03C5CF271A679840002136E3 /* AppDelegate.m */ = {isa = PBXFileReference; lastKnownFileType = sourcecode.c.objc; path = AppDelegate.m; sourceTree = "<group>"; };
		03C5CF2D1A679840002136E3 /* Base */ = {isa = PBXFileReference; lastKnownFileType = file.storyboard; name = Base; path = Base.lproj/Main.storyboard; sourceTree = "<group>"; };
		03C5CF2F1A679840002136E3 /* Images.xcassets */ = {isa = PBXFileReference; lastKnownFileType = folder.assetcatalog; path = Images.xcassets; sourceTree = "<group>"; };
		03C5CF321A679840002136E3 /* Base */ = {isa = PBXFileReference; lastKnownFileType = file.xib; name = Base; path = Base.lproj/LaunchScreen.xib; sourceTree = "<group>"; };
		03C5CF381A679840002136E3 /* DriverExamTests.xctest */ = {isa = PBXFileReference; explicitFileType = wrapper.cfbundle; includeInIndex = 0; path = DriverExamTests.xctest; sourceTree = BUILT_PRODUCTS_DIR; };
		03C5CF3D1A679840002136E3 /* Info.plist */ = {isa = PBXFileReference; lastKnownFileType = text.plist.xml; path = Info.plist; sourceTree = "<group>"; };
		03C5CF3E1A679840002136E3 /* DriverExamTests.m */ = {isa = PBXFileReference; lastKnownFileType = sourcecode.c.objc; path = DriverExamTests.m; sourceTree = "<group>"; };
		03C5CF4D1A67C883002136E3 /* QuestionBase.h */ = {isa = PBXFileReference; fileEncoding = 4; lastKnownFileType = sourcecode.c.h; path = QuestionBase.h; sourceTree = "<group>"; };
		03C5CF4E1A67C883002136E3 /* QuestionBase.m */ = {isa = PBXFileReference; fileEncoding = 4; lastKnownFileType = sourcecode.c.objc; path = QuestionBase.m; sourceTree = "<group>"; };
		03DC59A61A68C13100B30852 /* AnswerViewController.h */ = {isa = PBXFileReference; fileEncoding = 4; lastKnownFileType = sourcecode.c.h; path = AnswerViewController.h; sourceTree = "<group>"; };
		03DC59A71A68C13100B30852 /* AnswerViewController.m */ = {isa = PBXFileReference; fileEncoding = 4; lastKnownFileType = sourcecode.c.objc; path = AnswerViewController.m; sourceTree = "<group>"; };
		03DC59A81A68C13100B30852 /* ExercisesViewController.h */ = {isa = PBXFileReference; fileEncoding = 4; lastKnownFileType = sourcecode.c.h; path = ExercisesViewController.h; sourceTree = "<group>"; };
		03DC59A91A68C13100B30852 /* ExercisesViewController.m */ = {isa = PBXFileReference; fileEncoding = 4; lastKnownFileType = sourcecode.c.objc; path = ExercisesViewController.m; sourceTree = "<group>"; };
		03DC59AA1A68C13100B30852 /* ViewController.h */ = {isa = PBXFileReference; fileEncoding = 4; lastKnownFileType = sourcecode.c.h; path = ViewController.h; sourceTree = "<group>"; };
		03DC59AB1A68C13100B30852 /* ViewController.m */ = {isa = PBXFileReference; fileEncoding = 4; lastKnownFileType = sourcecode.c.objc; path = ViewController.m; sourceTree = "<group>"; };
		03DC59B01A68C15A00B30852 /* QuestionStore.h */ = {isa = PBXFileReference; fileEncoding = 4; lastKnownFileType = sourcecode.c.h; path = QuestionStore.h; sourceTree = "<group>"; };
		03DC59B11A68C15A00B30852 /* QuestionStore.m */ = {isa = PBXFileReference; fileEncoding = 4; lastKnownFileType = sourcecode.c.objc; path = QuestionStore.m; sourceTree = "<group>"; };
		224877981A6FB60A004C5B31 /* libsqlite3.0.dylib */ = {isa = PBXFileReference; lastKnownFileType = "compiled.mach-o.dylib"; name = libsqlite3.0.dylib; path = usr/lib/libsqlite3.0.dylib; sourceTree = SDKROOT; };
		2258848F1A724B3200B70FAA /* ReinforceMainViewController.h */ = {isa = PBXFileReference; fileEncoding = 4; lastKnownFileType = sourcecode.c.h; path = ReinforceMainViewController.h; sourceTree = "<group>"; };
		225884901A724B3200B70FAA /* ReinforceMainViewController.m */ = {isa = PBXFileReference; fileEncoding = 4; lastKnownFileType = sourcecode.c.objc; path = ReinforceMainViewController.m; sourceTree = "<group>"; };
		225884921A72669800B70FAA /* ReinforceQuestion.h */ = {isa = PBXFileReference; fileEncoding = 4; lastKnownFileType = sourcecode.c.h; path = ReinforceQuestion.h; sourceTree = "<group>"; };
		225884931A72669800B70FAA /* ReinforceQuestion.m */ = {isa = PBXFileReference; fileEncoding = 4; lastKnownFileType = sourcecode.c.objc; path = ReinforceQuestion.m; sourceTree = "<group>"; };
		228D0AE81A6F4CB200FDD577 /* FMDatabase.h */ = {isa = PBXFileReference; fileEncoding = 4; lastKnownFileType = sourcecode.c.h; path = FMDatabase.h; sourceTree = "<group>"; };
		228D0AE91A6F4CB200FDD577 /* FMDatabase.m */ = {isa = PBXFileReference; fileEncoding = 4; lastKnownFileType = sourcecode.c.objc; path = FMDatabase.m; sourceTree = "<group>"; };
		228D0AEA1A6F4CB200FDD577 /* FMDatabaseAdditions.h */ = {isa = PBXFileReference; fileEncoding = 4; lastKnownFileType = sourcecode.c.h; path = FMDatabaseAdditions.h; sourceTree = "<group>"; };
		228D0AEB1A6F4CB200FDD577 /* FMDatabaseAdditions.m */ = {isa = PBXFileReference; fileEncoding = 4; lastKnownFileType = sourcecode.c.objc; path = FMDatabaseAdditions.m; sourceTree = "<group>"; };
		228D0AEC1A6F4CB200FDD577 /* FMDatabasePool.h */ = {isa = PBXFileReference; fileEncoding = 4; lastKnownFileType = sourcecode.c.h; path = FMDatabasePool.h; sourceTree = "<group>"; };
		228D0AED1A6F4CB200FDD577 /* FMDatabasePool.m */ = {isa = PBXFileReference; fileEncoding = 4; lastKnownFileType = sourcecode.c.objc; path = FMDatabasePool.m; sourceTree = "<group>"; };
		228D0AEE1A6F4CB200FDD577 /* FMDatabaseQueue.h */ = {isa = PBXFileReference; fileEncoding = 4; lastKnownFileType = sourcecode.c.h; path = FMDatabaseQueue.h; sourceTree = "<group>"; };
		228D0AEF1A6F4CB200FDD577 /* FMDatabaseQueue.m */ = {isa = PBXFileReference; fileEncoding = 4; lastKnownFileType = sourcecode.c.objc; path = FMDatabaseQueue.m; sourceTree = "<group>"; };
		228D0AF01A6F4CB200FDD577 /* FMDB.h */ = {isa = PBXFileReference; fileEncoding = 4; lastKnownFileType = sourcecode.c.h; path = FMDB.h; sourceTree = "<group>"; };
		228D0AF11A6F4CB200FDD577 /* FMResultSet.h */ = {isa = PBXFileReference; fileEncoding = 4; lastKnownFileType = sourcecode.c.h; path = FMResultSet.h; sourceTree = "<group>"; };
		228D0AF21A6F4CB200FDD577 /* FMResultSet.m */ = {isa = PBXFileReference; fileEncoding = 4; lastKnownFileType = sourcecode.c.objc; path = FMResultSet.m; sourceTree = "<group>"; };
		228D0AF91A6F4E9200FDD577 /* km1.db */ = {isa = PBXFileReference; lastKnownFileType = file; path = km1.db; sourceTree = "<group>"; };
		22A631CB1A7647EA0086F526 /* ReinforceViewController.h */ = {isa = PBXFileReference; fileEncoding = 4; lastKnownFileType = sourcecode.c.h; path = ReinforceViewController.h; sourceTree = "<group>"; };
		22A631CC1A7647EA0086F526 /* ReinforceViewController.m */ = {isa = PBXFileReference; fileEncoding = 4; lastKnownFileType = sourcecode.c.objc; path = ReinforceViewController.m; sourceTree = "<group>"; };
		22A631CE1A764EE00086F526 /* ReinforceQuestionStore.h */ = {isa = PBXFileReference; fileEncoding = 4; lastKnownFileType = sourcecode.c.h; path = ReinforceQuestionStore.h; sourceTree = "<group>"; };
		22A631CF1A764EE00086F526 /* ReinforceQuestionStore.m */ = {isa = PBXFileReference; fileEncoding = 4; lastKnownFileType = sourcecode.c.objc; path = ReinforceQuestionStore.m; sourceTree = "<group>"; };
/* End PBXFileReference section */

/* Begin PBXFrameworksBuildPhase section */
		03C5CF1C1A679840002136E3 /* Frameworks */ = {
			isa = PBXFrameworksBuildPhase;
			buildActionMask = 2147483647;
			files = (
				224877991A6FB60A004C5B31 /* libsqlite3.0.dylib in Frameworks */,
			);
			runOnlyForDeploymentPostprocessing = 0;
		};
		03C5CF351A679840002136E3 /* Frameworks */ = {
			isa = PBXFrameworksBuildPhase;
			buildActionMask = 2147483647;
			files = (
			);
			runOnlyForDeploymentPostprocessing = 0;
		};
/* End PBXFrameworksBuildPhase section */

/* Begin PBXGroup section */
		03C5CF161A679840002136E3 = {
			isa = PBXGroup;
			children = (
				224877981A6FB60A004C5B31 /* libsqlite3.0.dylib */,
				03C5CF211A679840002136E3 /* DriverExam */,
				03C5CF3B1A679840002136E3 /* DriverExamTests */,
				03C5CF201A679840002136E3 /* Products */,
			);
			sourceTree = "<group>";
		};
		03C5CF201A679840002136E3 /* Products */ = {
			isa = PBXGroup;
			children = (
				03C5CF1F1A679840002136E3 /* DriverExam.app */,
				03C5CF381A679840002136E3 /* DriverExamTests.xctest */,
			);
			name = Products;
			sourceTree = "<group>";
		};
		03C5CF211A679840002136E3 /* DriverExam */ = {
			isa = PBXGroup;
			children = (
				228D0AF81A6F4E9200FDD577 /* Resource */,
				228D0AE61A6F4CB200FDD577 /* Lib */,
				03DC59A51A68C13000B30852 /* Controller */,
				03DC59AC1A68C13100B30852 /* Store */,
				03C5CF4C1A67C84C002136E3 /* Entity */,
				03C5CF261A679840002136E3 /* AppDelegate.h */,
				03C5CF271A679840002136E3 /* AppDelegate.m */,
				03C5CF2C1A679840002136E3 /* Main.storyboard */,
				03C5CF2F1A679840002136E3 /* Images.xcassets */,
				03C5CF311A679840002136E3 /* LaunchScreen.xib */,
				03C5CF221A679840002136E3 /* Supporting Files */,
			);
			path = DriverExam;
			sourceTree = "<group>";
		};
		03C5CF221A679840002136E3 /* Supporting Files */ = {
			isa = PBXGroup;
			children = (
				03C5CF231A679840002136E3 /* Info.plist */,
				03C5CF241A679840002136E3 /* main.m */,
			);
			name = "Supporting Files";
			sourceTree = "<group>";
		};
		03C5CF3B1A679840002136E3 /* DriverExamTests */ = {
			isa = PBXGroup;
			children = (
				03C5CF3E1A679840002136E3 /* DriverExamTests.m */,
				03C5CF3C1A679840002136E3 /* Supporting Files */,
			);
			path = DriverExamTests;
			sourceTree = "<group>";
		};
		03C5CF3C1A679840002136E3 /* Supporting Files */ = {
			isa = PBXGroup;
			children = (
				03C5CF3D1A679840002136E3 /* Info.plist */,
			);
			name = "Supporting Files";
			sourceTree = "<group>";
		};
		03C5CF4C1A67C84C002136E3 /* Entity */ = {
			isa = PBXGroup;
			children = (
				03C5CF4D1A67C883002136E3 /* QuestionBase.h */,
				03C5CF4E1A67C883002136E3 /* QuestionBase.m */,
				225884921A72669800B70FAA /* ReinforceQuestion.h */,
				225884931A72669800B70FAA /* ReinforceQuestion.m */,
			);
			path = Entity;
			sourceTree = "<group>";
		};
		03DC59A51A68C13000B30852 /* Controller */ = {
			isa = PBXGroup;
			children = (
				03DC59A61A68C13100B30852 /* AnswerViewController.h */,
				03DC59A71A68C13100B30852 /* AnswerViewController.m */,
				03DC59A81A68C13100B30852 /* ExercisesViewController.h */,
				03DC59A91A68C13100B30852 /* ExercisesViewController.m */,
				03DC59AA1A68C13100B30852 /* ViewController.h */,
				03DC59AB1A68C13100B30852 /* ViewController.m */,
				2258848F1A724B3200B70FAA /* ReinforceMainViewController.h */,
				225884901A724B3200B70FAA /* ReinforceMainViewController.m */,
				22A631CB1A7647EA0086F526 /* ReinforceViewController.h */,
				22A631CC1A7647EA0086F526 /* ReinforceViewController.m */,
			);
			path = Controller;
			sourceTree = "<group>";
		};
		03DC59AC1A68C13100B30852 /* Store */ = {
			isa = PBXGroup;
			children = (
				03DC59B01A68C15A00B30852 /* QuestionStore.h */,
				03DC59B11A68C15A00B30852 /* QuestionStore.m */,
				22A631CE1A764EE00086F526 /* ReinforceQuestionStore.h */,
				22A631CF1A764EE00086F526 /* ReinforceQuestionStore.m */,
			);
			path = Store;
			sourceTree = "<group>";
		};
		228D0AE61A6F4CB200FDD577 /* Lib */ = {
			isa = PBXGroup;
			children = (
				228D0AE71A6F4CB200FDD577 /* fmdb */,
			);
			path = Lib;
			sourceTree = "<group>";
		};
		228D0AE71A6F4CB200FDD577 /* fmdb */ = {
			isa = PBXGroup;
			children = (
				228D0AE81A6F4CB200FDD577 /* FMDatabase.h */,
				228D0AE91A6F4CB200FDD577 /* FMDatabase.m */,
				228D0AEA1A6F4CB200FDD577 /* FMDatabaseAdditions.h */,
				228D0AEB1A6F4CB200FDD577 /* FMDatabaseAdditions.m */,
				228D0AEC1A6F4CB200FDD577 /* FMDatabasePool.h */,
				228D0AED1A6F4CB200FDD577 /* FMDatabasePool.m */,
				228D0AEE1A6F4CB200FDD577 /* FMDatabaseQueue.h */,
				228D0AEF1A6F4CB200FDD577 /* FMDatabaseQueue.m */,
				228D0AF01A6F4CB200FDD577 /* FMDB.h */,
				228D0AF11A6F4CB200FDD577 /* FMResultSet.h */,
				228D0AF21A6F4CB200FDD577 /* FMResultSet.m */,
			);
			path = fmdb;
			sourceTree = "<group>";
		};
		228D0AF81A6F4E9200FDD577 /* Resource */ = {
			isa = PBXGroup;
			children = (
				228D0AF91A6F4E9200FDD577 /* km1.db */,
			);
			path = Resource;
			sourceTree = "<group>";
		};
/* End PBXGroup section */

/* Begin PBXNativeTarget section */
		03C5CF1E1A679840002136E3 /* DriverExam */ = {
			isa = PBXNativeTarget;
			buildConfigurationList = 03C5CF421A679840002136E3 /* Build configuration list for PBXNativeTarget "DriverExam" */;
			buildPhases = (
				03C5CF1B1A679840002136E3 /* Sources */,
				03C5CF1C1A679840002136E3 /* Frameworks */,
				03C5CF1D1A679840002136E3 /* Resources */,
			);
			buildRules = (
			);
			dependencies = (
			);
			name = DriverExam;
			productName = DriverExam;
			productReference = 03C5CF1F1A679840002136E3 /* DriverExam.app */;
			productType = "com.apple.product-type.application";
		};
		03C5CF371A679840002136E3 /* DriverExamTests */ = {
			isa = PBXNativeTarget;
			buildConfigurationList = 03C5CF451A679840002136E3 /* Build configuration list for PBXNativeTarget "DriverExamTests" */;
			buildPhases = (
				03C5CF341A679840002136E3 /* Sources */,
				03C5CF351A679840002136E3 /* Frameworks */,
				03C5CF361A679840002136E3 /* Resources */,
			);
			buildRules = (
			);
			dependencies = (
				03C5CF3A1A679840002136E3 /* PBXTargetDependency */,
			);
			name = DriverExamTests;
			productName = DriverExamTests;
			productReference = 03C5CF381A679840002136E3 /* DriverExamTests.xctest */;
			productType = "com.apple.product-type.bundle.unit-test";
		};
/* End PBXNativeTarget section */

/* Begin PBXProject section */
		03C5CF171A679840002136E3 /* Project object */ = {
			isa = PBXProject;
			attributes = {
				LastUpgradeCheck = 0610;
				ORGANIZATIONNAME = Baisika;
				TargetAttributes = {
					03C5CF1E1A679840002136E3 = {
						CreatedOnToolsVersion = 6.1.1;
					};
					03C5CF371A679840002136E3 = {
						CreatedOnToolsVersion = 6.1.1;
						TestTargetID = 03C5CF1E1A679840002136E3;
					};
				};
			};
			buildConfigurationList = 03C5CF1A1A679840002136E3 /* Build configuration list for PBXProject "DriverExam" */;
			compatibilityVersion = "Xcode 3.2";
			developmentRegion = English;
			hasScannedForEncodings = 0;
			knownRegions = (
				en,
				Base,
			);
			mainGroup = 03C5CF161A679840002136E3;
			productRefGroup = 03C5CF201A679840002136E3 /* Products */;
			projectDirPath = "";
			projectRoot = "";
			targets = (
				03C5CF1E1A679840002136E3 /* DriverExam */,
				03C5CF371A679840002136E3 /* DriverExamTests */,
			);
		};
/* End PBXProject section */

/* Begin PBXResourcesBuildPhase section */
		03C5CF1D1A679840002136E3 /* Resources */ = {
			isa = PBXResourcesBuildPhase;
			buildActionMask = 2147483647;
			files = (
				03C5CF2E1A679840002136E3 /* Main.storyboard in Resources */,
				03C5CF331A679840002136E3 /* LaunchScreen.xib in Resources */,
				03C5CF301A679840002136E3 /* Images.xcassets in Resources */,
				228D0AFA1A6F4E9200FDD577 /* km1.db in Resources */,
			);
			runOnlyForDeploymentPostprocessing = 0;
		};
		03C5CF361A679840002136E3 /* Resources */ = {
			isa = PBXResourcesBuildPhase;
			buildActionMask = 2147483647;
			files = (
			);
			runOnlyForDeploymentPostprocessing = 0;
		};
/* End PBXResourcesBuildPhase section */

/* Begin PBXSourcesBuildPhase section */
		03C5CF1B1A679840002136E3 /* Sources */ = {
			isa = PBXSourcesBuildPhase;
			buildActionMask = 2147483647;
			files = (
				03DC59AF1A68C13100B30852 /* ViewController.m in Sources */,
				225884941A72669800B70FAA /* ReinforceQuestion.m in Sources */,
				03DC59AD1A68C13100B30852 /* AnswerViewController.m in Sources */,
				03DC59AE1A68C13100B30852 /* ExercisesViewController.m in Sources */,
				03DC59B21A68C15A00B30852 /* QuestionStore.m in Sources */,
				22A631D01A764EE00086F526 /* ReinforceQuestionStore.m in Sources */,
				225884911A724B3200B70FAA /* ReinforceMainViewController.m in Sources */,
				22A631CD1A7647EA0086F526 /* ReinforceViewController.m in Sources */,
				03C5CF4F1A67C883002136E3 /* QuestionBase.m in Sources */,
				228D0AF41A6F4CB200FDD577 /* FMDatabaseAdditions.m in Sources */,
				228D0AF71A6F4CB200FDD577 /* FMResultSet.m in Sources */,
				03C5CF281A679840002136E3 /* AppDelegate.m in Sources */,
				228D0AF51A6F4CB200FDD577 /* FMDatabasePool.m in Sources */,
				228D0AF61A6F4CB200FDD577 /* FMDatabaseQueue.m in Sources */,
				03C5CF251A679840002136E3 /* main.m in Sources */,
				228D0AF31A6F4CB200FDD577 /* FMDatabase.m in Sources */,
			);
			runOnlyForDeploymentPostprocessing = 0;
		};
		03C5CF341A679840002136E3 /* Sources */ = {
			isa = PBXSourcesBuildPhase;
			buildActionMask = 2147483647;
			files = (
				03C5CF3F1A679840002136E3 /* DriverExamTests.m in Sources */,
			);
			runOnlyForDeploymentPostprocessing = 0;
		};
/* End PBXSourcesBuildPhase section */

/* Begin PBXTargetDependency section */
		03C5CF3A1A679840002136E3 /* PBXTargetDependency */ = {
			isa = PBXTargetDependency;
			target = 03C5CF1E1A679840002136E3 /* DriverExam */;
			targetProxy = 03C5CF391A679840002136E3 /* PBXContainerItemProxy */;
		};
/* End PBXTargetDependency section */

/* Begin PBXVariantGroup section */
		03C5CF2C1A679840002136E3 /* Main.storyboard */ = {
			isa = PBXVariantGroup;
			children = (
				03C5CF2D1A679840002136E3 /* Base */,
			);
			name = Main.storyboard;
			sourceTree = "<group>";
		};
		03C5CF311A679840002136E3 /* LaunchScreen.xib */ = {
			isa = PBXVariantGroup;
			children = (
				03C5CF321A679840002136E3 /* Base */,
			);
			name = LaunchScreen.xib;
			sourceTree = "<group>";
		};
/* End PBXVariantGroup section */

/* Begin XCBuildConfiguration section */
		03C5CF401A679840002136E3 /* Debug */ = {
			isa = XCBuildConfiguration;
			buildSettings = {
				ALWAYS_SEARCH_USER_PATHS = NO;
				CLANG_CXX_LANGUAGE_STANDARD = "gnu++0x";
				CLANG_CXX_LIBRARY = "libc++";
				CLANG_ENABLE_MODULES = YES;
				CLANG_ENABLE_OBJC_ARC = YES;
				CLANG_WARN_BOOL_CONVERSION = YES;
				CLANG_WARN_CONSTANT_CONVERSION = YES;
				CLANG_WARN_DIRECT_OBJC_ISA_USAGE = YES_ERROR;
				CLANG_WARN_EMPTY_BODY = YES;
				CLANG_WARN_ENUM_CONVERSION = YES;
				CLANG_WARN_INT_CONVERSION = YES;
				CLANG_WARN_OBJC_ROOT_CLASS = YES_ERROR;
				CLANG_WARN_UNREACHABLE_CODE = YES;
				CLANG_WARN__DUPLICATE_METHOD_MATCH = YES;
				"CODE_SIGN_IDENTITY[sdk=iphoneos*]" = "iPhone Developer";
				COPY_PHASE_STRIP = NO;
				ENABLE_STRICT_OBJC_MSGSEND = YES;
				GCC_C_LANGUAGE_STANDARD = gnu99;
				GCC_DYNAMIC_NO_PIC = NO;
				GCC_OPTIMIZATION_LEVEL = 0;
				GCC_PREPROCESSOR_DEFINITIONS = (
					"DEBUG=1",
					"$(inherited)",
				);
				GCC_SYMBOLS_PRIVATE_EXTERN = NO;
				GCC_WARN_64_TO_32_BIT_CONVERSION = YES;
				GCC_WARN_ABOUT_RETURN_TYPE = YES_ERROR;
				GCC_WARN_UNDECLARED_SELECTOR = YES;
				GCC_WARN_UNINITIALIZED_AUTOS = YES_AGGRESSIVE;
				GCC_WARN_UNUSED_FUNCTION = YES;
				GCC_WARN_UNUSED_VARIABLE = YES;
				IPHONEOS_DEPLOYMENT_TARGET = 8.1;
				MTL_ENABLE_DEBUG_INFO = YES;
				ONLY_ACTIVE_ARCH = YES;
				SDKROOT = iphoneos;
			};
			name = Debug;
		};
		03C5CF411A679840002136E3 /* Release */ = {
			isa = XCBuildConfiguration;
			buildSettings = {
				ALWAYS_SEARCH_USER_PATHS = NO;
				CLANG_CXX_LANGUAGE_STANDARD = "gnu++0x";
				CLANG_CXX_LIBRARY = "libc++";
				CLANG_ENABLE_MODULES = YES;
				CLANG_ENABLE_OBJC_ARC = YES;
				CLANG_WARN_BOOL_CONVERSION = YES;
				CLANG_WARN_CONSTANT_CONVERSION = YES;
				CLANG_WARN_DIRECT_OBJC_ISA_USAGE = YES_ERROR;
				CLANG_WARN_EMPTY_BODY = YES;
				CLANG_WARN_ENUM_CONVERSION = YES;
				CLANG_WARN_INT_CONVERSION = YES;
				CLANG_WARN_OBJC_ROOT_CLASS = YES_ERROR;
				CLANG_WARN_UNREACHABLE_CODE = YES;
				CLANG_WARN__DUPLICATE_METHOD_MATCH = YES;
				"CODE_SIGN_IDENTITY[sdk=iphoneos*]" = "iPhone Developer";
				COPY_PHASE_STRIP = YES;
				ENABLE_NS_ASSERTIONS = NO;
				ENABLE_STRICT_OBJC_MSGSEND = YES;
				GCC_C_LANGUAGE_STANDARD = gnu99;
				GCC_WARN_64_TO_32_BIT_CONVERSION = YES;
				GCC_WARN_ABOUT_RETURN_TYPE = YES_ERROR;
				GCC_WARN_UNDECLARED_SELECTOR = YES;
				GCC_WARN_UNINITIALIZED_AUTOS = YES_AGGRESSIVE;
				GCC_WARN_UNUSED_FUNCTION = YES;
				GCC_WARN_UNUSED_VARIABLE = YES;
				IPHONEOS_DEPLOYMENT_TARGET = 8.1;
				MTL_ENABLE_DEBUG_INFO = NO;
				SDKROOT = iphoneos;
				VALIDATE_PRODUCT = YES;
			};
			name = Release;
		};
		03C5CF431A679840002136E3 /* Debug */ = {
			isa = XCBuildConfiguration;
			buildSettings = {
				ASSETCATALOG_COMPILER_APPICON_NAME = AppIcon;
				INFOPLIST_FILE = DriverExam/Info.plist;
				IPHONEOS_DEPLOYMENT_TARGET = 7.0;
				LD_RUNPATH_SEARCH_PATHS = "$(inherited) @executable_path/Frameworks";
				PRODUCT_NAME = "$(TARGET_NAME)";
			};
			name = Debug;
		};
		03C5CF441A679840002136E3 /* Release */ = {
			isa = XCBuildConfiguration;
			buildSettings = {
				ASSETCATALOG_COMPILER_APPICON_NAME = AppIcon;
				INFOPLIST_FILE = DriverExam/Info.plist;
				IPHONEOS_DEPLOYMENT_TARGET = 7.0;
				LD_RUNPATH_SEARCH_PATHS = "$(inherited) @executable_path/Frameworks";
				PRODUCT_NAME = "$(TARGET_NAME)";
			};
			name = Release;
		};
		03C5CF461A679840002136E3 /* Debug */ = {
			isa = XCBuildConfiguration;
			buildSettings = {
				BUNDLE_LOADER = "$(TEST_HOST)";
				FRAMEWORK_SEARCH_PATHS = (
					"$(SDKROOT)/Developer/Library/Frameworks",
					"$(inherited)",
				);
				GCC_PREPROCESSOR_DEFINITIONS = (
					"DEBUG=1",
					"$(inherited)",
				);
				INFOPLIST_FILE = DriverExamTests/Info.plist;
				LD_RUNPATH_SEARCH_PATHS = "$(inherited) @executable_path/Frameworks @loader_path/Frameworks";
				PRODUCT_NAME = "$(TARGET_NAME)";
				TEST_HOST = "$(BUILT_PRODUCTS_DIR)/DriverExam.app/DriverExam";
			};
			name = Debug;
		};
		03C5CF471A679840002136E3 /* Release */ = {
			isa = XCBuildConfiguration;
			buildSettings = {
				BUNDLE_LOADER = "$(TEST_HOST)";
				FRAMEWORK_SEARCH_PATHS = (
					"$(SDKROOT)/Developer/Library/Frameworks",
					"$(inherited)",
				);
				INFOPLIST_FILE = DriverExamTests/Info.plist;
				LD_RUNPATH_SEARCH_PATHS = "$(inherited) @executable_path/Frameworks @loader_path/Frameworks";
				PRODUCT_NAME = "$(TARGET_NAME)";
				TEST_HOST = "$(BUILT_PRODUCTS_DIR)/DriverExam.app/DriverExam";
			};
			name = Release;
		};
/* End XCBuildConfiguration section */

/* Begin XCConfigurationList section */
		03C5CF1A1A679840002136E3 /* Build configuration list for PBXProject "DriverExam" */ = {
			isa = XCConfigurationList;
			buildConfigurations = (
				03C5CF401A679840002136E3 /* Debug */,
				03C5CF411A679840002136E3 /* Release */,
			);
			defaultConfigurationIsVisible = 0;
			defaultConfigurationName = Release;
		};
		03C5CF421A679840002136E3 /* Build configuration list for PBXNativeTarget "DriverExam" */ = {
			isa = XCConfigurationList;
			buildConfigurations = (
				03C5CF431A679840002136E3 /* Debug */,
				03C5CF441A679840002136E3 /* Release */,
			);
			defaultConfigurationIsVisible = 0;
			defaultConfigurationName = Release;
		};
		03C5CF451A679840002136E3 /* Build configuration list for PBXNativeTarget "DriverExamTests" */ = {
			isa = XCConfigurationList;
			buildConfigurations = (
				03C5CF461A679840002136E3 /* Debug */,
				03C5CF471A679840002136E3 /* Release */,
			);
			defaultConfigurationIsVisible = 0;
			defaultConfigurationName = Release;
		};
/* End XCConfigurationList section */
	};
	rootObject = 03C5CF171A679840002136E3 /* Project object */;
}
